{
  "name": "_extras",
  "version": "1.0.0",
  "lockfileVersion": 3,
  "requires": true,
  "packages": {
    "": {
      "name": "_extras",
      "version": "1.0.0",
      "license": "ISC",
      "dependencies": {
        "csv-stringify": "^6.8.0"
      }
    },
    "node_modules/csv-stringify": {
      "version": "6.8.0",
      "resolved": "https://registry.npmjs.org/csv-stringify/-/csv-stringify-6.8.0.tgz",
      "integrity": "sha512-Ya0OOHb6XbgPaZKH7dcdmwXe3azUS0TwmlbVdS75HoAhnHApSkiQcfEJoC/s5WwGsrXwOjBDr3FTmCZPjkssgg==",
      "license": "MIT"
    }
  }
}
